
Microsoft Visual Studio Solution File, Format Version 12.00
# Visual Studio 15
VisualStudioVersion = 15.0.28307.168
MinimumVisualStudioVersion = 10.0.40219.1
Project("{FAE04EC0-301F-11D3-BF4B-00C04F79EFBC}") = "Aula11_06_2019", "Aula11_06_2019\Aula11_06_2019.csproj", "{CC46A9F7-3CC7-4D35-B35D-3940E6E9B952}"
EndProject
Global
	GlobalSection(SolutionConfigurationPlatforms) = preSolution
		Debug|Any CPU = Debug|Any CPU
		Release|Any CPU = Release|Any CPU
	EndGlobalSection
	GlobalSection(ProjectConfigurationPlatforms) = postSolution
		{CC46A9F7-3CC7-4D35-B35D-3940E6E9B952}.Debug|Any CPU.ActiveCfg = Debug|Any CPU
		{CC46A9F7-3CC7-4D35-B35D-3940E6E9B952}.Debug|Any CPU.Build.0 = Debug|Any CPU
		{CC46A9F7-3CC7-4D35-B35D-3940E6E9B952}.Release|Any CPU.ActiveCfg = Release|Any CPU
		{CC46A9F7-3CC7-4D35-B35D-3940E6E9B952}.Release|Any CPU.Build.0 = Release|Any CPU
	EndGlobalSection
	GlobalSection(SolutionProperties) = preSolution
		HideSolutionNode = FALSE
	EndGlobalSection
	GlobalSection(ExtensibilityGlobals) = postSolution
		SolutionGuid = {77F7E0E9-F934-43DB-B9EA-49644574AB59}
	EndGlobalSection
EndGlobal
